
Microsoft Visual Studio Solution File, Format Version 12.00
# Visual Studio Version 16
VisualStudioVersion = 16.0.29102.190
MinimumVisualStudioVersion = 10.0.40219.1
Project("{FAE04EC0-301F-11D3-BF4B-00C04F79EFBC}") = "打磚塊", "打磚塊\打磚塊.csproj", "{EAEDD9B3-78F3-4382-8A82-EE5B63E5ECA0}"
EndProject
Global
	GlobalSection(SolutionConfigurationPlatforms) = preSolution
		Debug|Any CPU = Debug|Any CPU
		Release|Any CPU = Release|Any CPU
	EndGlobalSection
	GlobalSection(ProjectConfigurationPlatforms) = postSolution
		{EAEDD9B3-78F3-4382-8A82-EE5B63E5ECA0}.Debug|Any CPU.ActiveCfg = Debug|Any CPU
		{EAEDD9B3-78F3-4382-8A82-EE5B63E5ECA0}.Debug|Any CPU.Build.0 = Debug|Any CPU
		{EAEDD9B3-78F3-4382-8A82-EE5B63E5ECA0}.Release|Any CPU.ActiveCfg = Release|Any CPU
		{EAEDD9B3-78F3-4382-8A82-EE5B63E5ECA0}.Release|Any CPU.Build.0 = Release|Any CPU
	EndGlobalSection
	GlobalSection(SolutionProperties) = preSolution
		HideSolutionNode = FALSE
	EndGlobalSection
	GlobalSection(ExtensibilityGlobals) = postSolution
		SolutionGuid = {84A68B33-591F-4091-9ED0-AA68399B74EE}
	EndGlobalSection
EndGlobal
