
Microsoft Visual Studio Solution File, Format Version 12.00
# Visual Studio Version 16
VisualStudioVersion = 16.0.29102.190
MinimumVisualStudioVersion = 10.0.40219.1
Project("{FAE04EC0-301F-11D3-BF4B-00C04F79EFBC}") = "五子棋", "五子棋\五子棋.csproj", "{B73C3366-053F-42EF-9F82-595065285EAA}"
EndProject
Global
	GlobalSection(SolutionConfigurationPlatforms) = preSolution
		Debug|Any CPU = Debug|Any CPU
		Release|Any CPU = Release|Any CPU
	EndGlobalSection
	GlobalSection(ProjectConfigurationPlatforms) = postSolution
		{B73C3366-053F-42EF-9F82-595065285EAA}.Debug|Any CPU.ActiveCfg = Debug|Any CPU
		{B73C3366-053F-42EF-9F82-595065285EAA}.Debug|Any CPU.Build.0 = Debug|Any CPU
		{B73C3366-053F-42EF-9F82-595065285EAA}.Release|Any CPU.ActiveCfg = Release|Any CPU
		{B73C3366-053F-42EF-9F82-595065285EAA}.Release|Any CPU.Build.0 = Release|Any CPU
	EndGlobalSection
	GlobalSection(SolutionProperties) = preSolution
		HideSolutionNode = FALSE
	EndGlobalSection
	GlobalSection(ExtensibilityGlobals) = postSolution
		SolutionGuid = {545B4DF9-5D60-42B5-98F8-3F8739BACFFC}
	EndGlobalSection
EndGlobal
